// !$*UTF8*$!
{
	archiveVersion = 1;
	classes = {
	};
	objectVersion = 50;
	objects = {

/* Begin PBXBuildFile section */
		6FE8AAFF22BFFDA400360CEA /* PostCoordinator.swift in Sources */ = {isa = PBXBuildFile; fileRef = 6FE8AAFE22BFFDA400360CEA /* PostCoordinator.swift */; };
		6FE8AB0422C035FE00360CEA /* PostDetailViewController.swift in Sources */ = {isa = PBXBuildFile; fileRef = 6FE8AB0322C035FE00360CEA /* PostDetailViewController.swift */; };
		6FE8AB0622C03CFA00360CEA /* PostDetailViewModel.swift in Sources */ = {isa = PBXBuildFile; fileRef = 6FE8AB0522C03CFA00360CEA /* PostDetailViewModel.swift */; };
		6FE8AB0822C03F4800360CEA /* PostDetailCoordinator.swift in Sources */ = {isa = PBXBuildFile; fileRef = 6FE8AB0722C03F4800360CEA /* PostDetailCoordinator.swift */; };
		9230B2C222B4BC1D00BDC7EC /* AppDelegate.swift in Sources */ = {isa = PBXBuildFile; fileRef = 9230B2C122B4BC1D00BDC7EC /* AppDelegate.swift */; };
		9230B2CA22B4BC1D00BDC7EC /* BabylonTest.xcdatamodeld in Sources */ = {isa = PBXBuildFile; fileRef = 9230B2C822B4BC1D00BDC7EC /* BabylonTest.xcdatamodeld */; };
		9230B2CC22B4BC1E00BDC7EC /* Assets.xcassets in Resources */ = {isa = PBXBuildFile; fileRef = 9230B2CB22B4BC1E00BDC7EC /* Assets.xcassets */; };
		9230B2CF22B4BC1E00BDC7EC /* LaunchScreen.storyboard in Resources */ = {isa = PBXBuildFile; fileRef = 9230B2CD22B4BC1E00BDC7EC /* LaunchScreen.storyboard */; };
		9230B2DA22B4BC1E00BDC7EC /* BabylonTestTests.swift in Sources */ = {isa = PBXBuildFile; fileRef = 9230B2D922B4BC1E00BDC7EC /* BabylonTestTests.swift */; };
		923AEBF822BEB8D40040E7F2 /* Post.swift in Sources */ = {isa = PBXBuildFile; fileRef = 923AEBF722BEB8D40040E7F2 /* Post.swift */; };
		923AEBFA22BEB90C0040E7F2 /* User.swift in Sources */ = {isa = PBXBuildFile; fileRef = 923AEBF922BEB90C0040E7F2 /* User.swift */; };
		923AEBFC22BEB92D0040E7F2 /* Address.swift in Sources */ = {isa = PBXBuildFile; fileRef = 923AEBFB22BEB92D0040E7F2 /* Address.swift */; };
		923AEBFE22BEBA240040E7F2 /* Company.swift in Sources */ = {isa = PBXBuildFile; fileRef = 923AEBFD22BEBA240040E7F2 /* Company.swift */; };
		923AEC0022BEBE4A0040E7F2 /* APIClient.swift in Sources */ = {isa = PBXBuildFile; fileRef = 923AEBFF22BEBE4A0040E7F2 /* APIClient.swift */; };
		923AEC0222BFB80D0040E7F2 /* APIRouter.swift in Sources */ = {isa = PBXBuildFile; fileRef = 923AEC0122BFB80D0040E7F2 /* APIRouter.swift */; };
		923AEC0522BFBDE30040E7F2 /* PostRepository.swift in Sources */ = {isa = PBXBuildFile; fileRef = 923AEC0422BFBDE30040E7F2 /* PostRepository.swift */; };
		923AEC0922BFC5650040E7F2 /* PostCell.swift in Sources */ = {isa = PBXBuildFile; fileRef = 923AEC0822BFC5650040E7F2 /* PostCell.swift */; };
		92AF9BE522B94FCA0036C019 /* PostsViewController.swift in Sources */ = {isa = PBXBuildFile; fileRef = 92AF9BE422B94FCA0036C019 /* PostsViewController.swift */; };
		92AF9BE722B94FF50036C019 /* PostsViewModel.swift in Sources */ = {isa = PBXBuildFile; fileRef = 92AF9BE622B94FF50036C019 /* PostsViewModel.swift */; };
		92AF9BE922B951910036C019 /* AppCoordinator.swift in Sources */ = {isa = PBXBuildFile; fileRef = 92AF9BE822B951910036C019 /* AppCoordinator.swift */; };
/* End PBXBuildFile section */

/* Begin PBXContainerItemProxy section */
		9230B2D622B4BC1E00BDC7EC /* PBXContainerItemProxy */ = {
			isa = PBXContainerItemProxy;
			containerPortal = 9230B2B622B4BC1D00BDC7EC /* Project object */;
			proxyType = 1;
			remoteGlobalIDString = 9230B2BD22B4BC1D00BDC7EC;
			remoteInfo = BabylonTest;
		};
/* End PBXContainerItemProxy section */

/* Begin PBXFileReference section */
		6FE8AAFE22BFFDA400360CEA /* PostCoordinator.swift */ = {isa = PBXFileReference; lastKnownFileType = sourcecode.swift; path = PostCoordinator.swift; sourceTree = "<group>"; };
		6FE8AB0322C035FE00360CEA /* PostDetailViewController.swift */ = {isa = PBXFileReference; lastKnownFileType = sourcecode.swift; path = PostDetailViewController.swift; sourceTree = "<group>"; };
		6FE8AB0522C03CFA00360CEA /* PostDetailViewModel.swift */ = {isa = PBXFileReference; lastKnownFileType = sourcecode.swift; path = PostDetailViewModel.swift; sourceTree = "<group>"; };
		6FE8AB0722C03F4800360CEA /* PostDetailCoordinator.swift */ = {isa = PBXFileReference; lastKnownFileType = sourcecode.swift; path = PostDetailCoordinator.swift; sourceTree = "<group>"; };
		9230B2BE22B4BC1D00BDC7EC /* BabylonTest.app */ = {isa = PBXFileReference; explicitFileType = wrapper.application; includeInIndex = 0; path = BabylonTest.app; sourceTree = BUILT_PRODUCTS_DIR; };
		9230B2C122B4BC1D00BDC7EC /* AppDelegate.swift */ = {isa = PBXFileReference; lastKnownFileType = sourcecode.swift; path = AppDelegate.swift; sourceTree = "<group>"; };
		9230B2C922B4BC1D00BDC7EC /* BabylonTest.xcdatamodel */ = {isa = PBXFileReference; lastKnownFileType = wrapper.xcdatamodel; path = BabylonTest.xcdatamodel; sourceTree = "<group>"; };
		9230B2CB22B4BC1E00BDC7EC /* Assets.xcassets */ = {isa = PBXFileReference; lastKnownFileType = folder.assetcatalog; path = Assets.xcassets; sourceTree = "<group>"; };
		9230B2CE22B4BC1E00BDC7EC /* Base */ = {isa = PBXFileReference; lastKnownFileType = file.storyboard; name = Base; path = Base.lproj/LaunchScreen.storyboard; sourceTree = "<group>"; };
		9230B2D022B4BC1E00BDC7EC /* Info.plist */ = {isa = PBXFileReference; lastKnownFileType = text.plist.xml; path = Info.plist; sourceTree = "<group>"; };
		9230B2D522B4BC1E00BDC7EC /* BabylonTestTests.xctest */ = {isa = PBXFileReference; explicitFileType = wrapper.cfbundle; includeInIndex = 0; path = BabylonTestTests.xctest; sourceTree = BUILT_PRODUCTS_DIR; };
		9230B2D922B4BC1E00BDC7EC /* BabylonTestTests.swift */ = {isa = PBXFileReference; lastKnownFileType = sourcecode.swift; path = BabylonTestTests.swift; sourceTree = "<group>"; };
		9230B2DB22B4BC1E00BDC7EC /* Info.plist */ = {isa = PBXFileReference; lastKnownFileType = text.plist.xml; path = Info.plist; sourceTree = "<group>"; };
		923AEBF722BEB8D40040E7F2 /* Post.swift */ = {isa = PBXFileReference; lastKnownFileType = sourcecode.swift; path = Post.swift; sourceTree = "<group>"; };
		923AEBF922BEB90C0040E7F2 /* User.swift */ = {isa = PBXFileReference; lastKnownFileType = sourcecode.swift; path = User.swift; sourceTree = "<group>"; };
		923AEBFB22BEB92D0040E7F2 /* Address.swift */ = {isa = PBXFileReference; lastKnownFileType = sourcecode.swift; path = Address.swift; sourceTree = "<group>"; };
		923AEBFD22BEBA240040E7F2 /* Company.swift */ = {isa = PBXFileReference; lastKnownFileType = sourcecode.swift; path = Company.swift; sourceTree = "<group>"; };
		923AEBFF22BEBE4A0040E7F2 /* APIClient.swift */ = {isa = PBXFileReference; lastKnownFileType = sourcecode.swift; path = APIClient.swift; sourceTree = "<group>"; };
		923AEC0122BFB80D0040E7F2 /* APIRouter.swift */ = {isa = PBXFileReference; lastKnownFileType = sourcecode.swift; path = APIRouter.swift; sourceTree = "<group>"; };
		923AEC0422BFBDE30040E7F2 /* PostRepository.swift */ = {isa = PBXFileReference; lastKnownFileType = sourcecode.swift; path = PostRepository.swift; sourceTree = "<group>"; };
		923AEC0822BFC5650040E7F2 /* PostCell.swift */ = {isa = PBXFileReference; lastKnownFileType = sourcecode.swift; path = PostCell.swift; sourceTree = "<group>"; };
		92AF9BE422B94FCA0036C019 /* PostsViewController.swift */ = {isa = PBXFileReference; lastKnownFileType = sourcecode.swift; path = PostsViewController.swift; sourceTree = "<group>"; };
		92AF9BE622B94FF50036C019 /* PostsViewModel.swift */ = {isa = PBXFileReference; lastKnownFileType = sourcecode.swift; path = PostsViewModel.swift; sourceTree = "<group>"; };
		92AF9BE822B951910036C019 /* AppCoordinator.swift */ = {isa = PBXFileReference; lastKnownFileType = sourcecode.swift; path = AppCoordinator.swift; sourceTree = "<group>"; };
/* End PBXFileReference section */

/* Begin PBXFrameworksBuildPhase section */
		9230B2BB22B4BC1D00BDC7EC /* Frameworks */ = {
			isa = PBXFrameworksBuildPhase;
			buildActionMask = 2147483647;
			files = (
			);
			runOnlyForDeploymentPostprocessing = 0;
		};
		9230B2D222B4BC1E00BDC7EC /* Frameworks */ = {
			isa = PBXFrameworksBuildPhase;
			buildActionMask = 2147483647;
			files = (
			);
			runOnlyForDeploymentPostprocessing = 0;
		};
/* End PBXFrameworksBuildPhase section */

/* Begin PBXGroup section */
		6FE8AB0222C035DD00360CEA /* PostDetail */ = {
			isa = PBXGroup;
			children = (
				6FE8AB0322C035FE00360CEA /* PostDetailViewController.swift */,
				6FE8AB0522C03CFA00360CEA /* PostDetailViewModel.swift */,
				6FE8AB0722C03F4800360CEA /* PostDetailCoordinator.swift */,
			);
			path = PostDetail;
			sourceTree = "<group>";
		};
		9230B2B522B4BC1D00BDC7EC = {
			isa = PBXGroup;
			children = (
				9230B2C022B4BC1D00BDC7EC /* BabylonTest */,
				9230B2D822B4BC1E00BDC7EC /* BabylonTestTests */,
				9230B2BF22B4BC1D00BDC7EC /* Products */,
			);
			sourceTree = "<group>";
		};
		9230B2BF22B4BC1D00BDC7EC /* Products */ = {
			isa = PBXGroup;
			children = (
				9230B2BE22B4BC1D00BDC7EC /* BabylonTest.app */,
				9230B2D522B4BC1E00BDC7EC /* BabylonTestTests.xctest */,
			);
			name = Products;
			sourceTree = "<group>";
		};
		9230B2C022B4BC1D00BDC7EC /* BabylonTest */ = {
			isa = PBXGroup;
			children = (
				9230B2C122B4BC1D00BDC7EC /* AppDelegate.swift */,
				92AF9BE822B951910036C019 /* AppCoordinator.swift */,
				92AF9BE122B94EAC0036C019 /* UI */,
				923AEBF622BEB8BF0040E7F2 /* Model */,
				92AF9BE222B94EB50036C019 /* Networking */,
				9230B2CB22B4BC1E00BDC7EC /* Assets.xcassets */,
				9230B2CD22B4BC1E00BDC7EC /* LaunchScreen.storyboard */,
				9230B2D022B4BC1E00BDC7EC /* Info.plist */,
				9230B2C822B4BC1D00BDC7EC /* BabylonTest.xcdatamodeld */,
			);
			path = BabylonTest;
			sourceTree = "<group>";
		};
		9230B2D822B4BC1E00BDC7EC /* BabylonTestTests */ = {
			isa = PBXGroup;
			children = (
				9230B2D922B4BC1E00BDC7EC /* BabylonTestTests.swift */,
				9230B2DB22B4BC1E00BDC7EC /* Info.plist */,
			);
			path = BabylonTestTests;
			sourceTree = "<group>";
		};
		923AEBF622BEB8BF0040E7F2 /* Model */ = {
			isa = PBXGroup;
			children = (
				923AEBF722BEB8D40040E7F2 /* Post.swift */,
				923AEBF922BEB90C0040E7F2 /* User.swift */,
				923AEBFB22BEB92D0040E7F2 /* Address.swift */,
				923AEBFD22BEBA240040E7F2 /* Company.swift */,
			);
			path = Model;
			sourceTree = "<group>";
		};
		923AEC0322BFBD920040E7F2 /* Data */ = {
			isa = PBXGroup;
			children = (
				923AEC0422BFBDE30040E7F2 /* PostRepository.swift */,
			);
			path = Data;
			sourceTree = "<group>";
		};
		92AF9BE122B94EAC0036C019 /* UI */ = {
			isa = PBXGroup;
			children = (
				92AF9BE322B94EFE0036C019 /* Posts */,
				6FE8AB0222C035DD00360CEA /* PostDetail */,
			);
			path = UI;
			sourceTree = "<group>";
		};
		92AF9BE222B94EB50036C019 /* Networking */ = {
			isa = PBXGroup;
			children = (
				923AEC0322BFBD920040E7F2 /* Data */,
				923AEBFF22BEBE4A0040E7F2 /* APIClient.swift */,
				923AEC0122BFB80D0040E7F2 /* APIRouter.swift */,
			);
			path = Networking;
			sourceTree = "<group>";
		};
		92AF9BE322B94EFE0036C019 /* Posts */ = {
			isa = PBXGroup;
			children = (
				92AF9BE422B94FCA0036C019 /* PostsViewController.swift */,
				92AF9BE622B94FF50036C019 /* PostsViewModel.swift */,
				923AEC0822BFC5650040E7F2 /* PostCell.swift */,
				6FE8AAFE22BFFDA400360CEA /* PostCoordinator.swift */,
			);
			path = Posts;
			sourceTree = "<group>";
		};
/* End PBXGroup section */

/* Begin PBXNativeTarget section */
		9230B2BD22B4BC1D00BDC7EC /* BabylonTest */ = {
			isa = PBXNativeTarget;
			buildConfigurationList = 9230B2DE22B4BC1E00BDC7EC /* Build configuration list for PBXNativeTarget "BabylonTest" */;
			buildPhases = (
				9230B2BA22B4BC1D00BDC7EC /* Sources */,
				9230B2BB22B4BC1D00BDC7EC /* Frameworks */,
				9230B2BC22B4BC1D00BDC7EC /* Resources */,
			);
			buildRules = (
			);
			dependencies = (
			);
			name = BabylonTest;
			productName = BabylonTest;
			productReference = 9230B2BE22B4BC1D00BDC7EC /* BabylonTest.app */;
			productType = "com.apple.product-type.application";
		};
		9230B2D422B4BC1E00BDC7EC /* BabylonTestTests */ = {
			isa = PBXNativeTarget;
			buildConfigurationList = 9230B2E122B4BC1E00BDC7EC /* Build configuration list for PBXNativeTarget "BabylonTestTests" */;
			buildPhases = (
				9230B2D122B4BC1E00BDC7EC /* Sources */,
				9230B2D222B4BC1E00BDC7EC /* Frameworks */,
				9230B2D322B4BC1E00BDC7EC /* Resources */,
			);
			buildRules = (
			);
			dependencies = (
				9230B2D722B4BC1E00BDC7EC /* PBXTargetDependency */,
			);
			name = BabylonTestTests;
			productName = BabylonTestTests;
			productReference = 9230B2D522B4BC1E00BDC7EC /* BabylonTestTests.xctest */;
			productType = "com.apple.product-type.bundle.unit-test";
		};
/* End PBXNativeTarget section */

/* Begin PBXProject section */
		9230B2B622B4BC1D00BDC7EC /* Project object */ = {
			isa = PBXProject;
			attributes = {
				LastSwiftUpdateCheck = 1020;
				LastUpgradeCheck = 1020;
				ORGANIZATIONNAME = "Luis Arias";
				TargetAttributes = {
					9230B2BD22B4BC1D00BDC7EC = {
						CreatedOnToolsVersion = 10.2.1;
					};
					9230B2D422B4BC1E00BDC7EC = {
						CreatedOnToolsVersion = 10.2.1;
						TestTargetID = 9230B2BD22B4BC1D00BDC7EC;
					};
				};
			};
			buildConfigurationList = 9230B2B922B4BC1D00BDC7EC /* Build configuration list for PBXProject "BabylonTest" */;
			compatibilityVersion = "Xcode 9.3";
			developmentRegion = en;
			hasScannedForEncodings = 0;
			knownRegions = (
				en,
				Base,
			);
			mainGroup = 9230B2B522B4BC1D00BDC7EC;
			productRefGroup = 9230B2BF22B4BC1D00BDC7EC /* Products */;
			projectDirPath = "";
			projectRoot = "";
			targets = (
				9230B2BD22B4BC1D00BDC7EC /* BabylonTest */,
				9230B2D422B4BC1E00BDC7EC /* BabylonTestTests */,
			);
		};
/* End PBXProject section */

/* Begin PBXResourcesBuildPhase section */
		9230B2BC22B4BC1D00BDC7EC /* Resources */ = {
			isa = PBXResourcesBuildPhase;
			buildActionMask = 2147483647;
			files = (
				9230B2CF22B4BC1E00BDC7EC /* LaunchScreen.storyboard in Resources */,
				9230B2CC22B4BC1E00BDC7EC /* Assets.xcassets in Resources */,
			);
			runOnlyForDeploymentPostprocessing = 0;
		};
		9230B2D322B4BC1E00BDC7EC /* Resources */ = {
			isa = PBXResourcesBuildPhase;
			buildActionMask = 2147483647;
			files = (
			);
			runOnlyForDeploymentPostprocessing = 0;
		};
/* End PBXResourcesBuildPhase section */

/* Begin PBXSourcesBuildPhase section */
		9230B2BA22B4BC1D00BDC7EC /* Sources */ = {
			isa = PBXSourcesBuildPhase;
			buildActionMask = 2147483647;
			files = (
				92AF9BE722B94FF50036C019 /* PostsViewModel.swift in Sources */,
				923AEC0522BFBDE30040E7F2 /* PostRepository.swift in Sources */,
				923AEC0922BFC5650040E7F2 /* PostCell.swift in Sources */,
				92AF9BE522B94FCA0036C019 /* PostsViewController.swift in Sources */,
				923AEBFE22BEBA240040E7F2 /* Company.swift in Sources */,
				923AEC0022BEBE4A0040E7F2 /* APIClient.swift in Sources */,
				92AF9BE922B951910036C019 /* AppCoordinator.swift in Sources */,
				6FE8AB0422C035FE00360CEA /* PostDetailViewController.swift in Sources */,
				923AEBF822BEB8D40040E7F2 /* Post.swift in Sources */,
				6FE8AB0622C03CFA00360CEA /* PostDetailViewModel.swift in Sources */,
				9230B2C222B4BC1D00BDC7EC /* AppDelegate.swift in Sources */,
				923AEC0222BFB80D0040E7F2 /* APIRouter.swift in Sources */,
				6FE8AAFF22BFFDA400360CEA /* PostCoordinator.swift in Sources */,
				9230B2CA22B4BC1D00BDC7EC /* BabylonTest.xcdatamodeld in Sources */,
				923AEBFC22BEB92D0040E7F2 /* Address.swift in Sources */,
				6FE8AB0822C03F4800360CEA /* PostDetailCoordinator.swift in Sources */,
				923AEBFA22BEB90C0040E7F2 /* User.swift in Sources */,
			);
			runOnlyForDeploymentPostprocessing = 0;
		};
		9230B2D122B4BC1E00BDC7EC /* Sources */ = {
			isa = PBXSourcesBuildPhase;
			buildActionMask = 2147483647;
			files = (
				9230B2DA22B4BC1E00BDC7EC /* BabylonTestTests.swift in Sources */,
			);
			runOnlyForDeploymentPostprocessing = 0;
		};
/* End PBXSourcesBuildPhase section */

/* Begin PBXTargetDependency section */
		9230B2D722B4BC1E00BDC7EC /* PBXTargetDependency */ = {
			isa = PBXTargetDependency;
			target = 9230B2BD22B4BC1D00BDC7EC /* BabylonTest */;
			targetProxy = 9230B2D622B4BC1E00BDC7EC /* PBXContainerItemProxy */;
		};
/* End PBXTargetDependency section */

/* Begin PBXVariantGroup section */
		9230B2CD22B4BC1E00BDC7EC /* LaunchScreen.storyboard */ = {
			isa = PBXVariantGroup;
			children = (
				9230B2CE22B4BC1E00BDC7EC /* Base */,
			);
			name = LaunchScreen.storyboard;
			sourceTree = "<group>";
		};
/* End PBXVariantGroup section */

/* Begin XCBuildConfiguration section */
		9230B2DC22B4BC1E00BDC7EC /* Debug */ = {
			isa = XCBuildConfiguration;
			buildSettings = {
				ALWAYS_SEARCH_USER_PATHS = NO;
				CLANG_ANALYZER_NONNULL = YES;
				CLANG_ANALYZER_NUMBER_OBJECT_CONVERSION = YES_AGGRESSIVE;
				CLANG_CXX_LANGUAGE_STANDARD = "gnu++14";
				CLANG_CXX_LIBRARY = "libc++";
				CLANG_ENABLE_MODULES = YES;
				CLANG_ENABLE_OBJC_ARC = YES;
				CLANG_ENABLE_OBJC_WEAK = YES;
				CLANG_WARN_BLOCK_CAPTURE_AUTORELEASING = YES;
				CLANG_WARN_BOOL_CONVERSION = YES;
				CLANG_WARN_COMMA = YES;
				CLANG_WARN_CONSTANT_CONVERSION = YES;
				CLANG_WARN_DEPRECATED_OBJC_IMPLEMENTATIONS = YES;
				CLANG_WARN_DIRECT_OBJC_ISA_USAGE = YES_ERROR;
				CLANG_WARN_DOCUMENTATION_COMMENTS = YES;
				CLANG_WARN_EMPTY_BODY = YES;
				CLANG_WARN_ENUM_CONVERSION = YES;
				CLANG_WARN_INFINITE_RECURSION = YES;
				CLANG_WARN_INT_CONVERSION = YES;
				CLANG_WARN_NON_LITERAL_NULL_CONVERSION = YES;
				CLANG_WARN_OBJC_IMPLICIT_RETAIN_SELF = YES;
				CLANG_WARN_OBJC_LITERAL_CONVERSION = YES;
				CLANG_WARN_OBJC_ROOT_CLASS = YES_ERROR;
				CLANG_WARN_RANGE_LOOP_ANALYSIS = YES;
				CLANG_WARN_STRICT_PROTOTYPES = YES;
				CLANG_WARN_SUSPICIOUS_MOVE = YES;
				CLANG_WARN_UNGUARDED_AVAILABILITY = YES_AGGRESSIVE;
				CLANG_WARN_UNREACHABLE_CODE = YES;
				CLANG_WARN__DUPLICATE_METHOD_MATCH = YES;
				CODE_SIGN_IDENTITY = "iPhone Developer";
				COPY_PHASE_STRIP = NO;
				DEBUG_INFORMATION_FORMAT = dwarf;
				ENABLE_STRICT_OBJC_MSGSEND = YES;
				ENABLE_TESTABILITY = YES;
				GCC_C_LANGUAGE_STANDARD = gnu11;
				GCC_DYNAMIC_NO_PIC = NO;
				GCC_NO_COMMON_BLOCKS = YES;
				GCC_OPTIMIZATION_LEVEL = 0;
				GCC_PREPROCESSOR_DEFINITIONS = (
					"DEBUG=1",
					"$(inherited)",
				);
				GCC_WARN_64_TO_32_BIT_CONVERSION = YES;
				GCC_WARN_ABOUT_RETURN_TYPE = YES_ERROR;
				GCC_WARN_UNDECLARED_SELECTOR = YES;
				GCC_WARN_UNINITIALIZED_AUTOS = YES_AGGRESSIVE;
				GCC_WARN_UNUSED_FUNCTION = YES;
				GCC_WARN_UNUSED_VARIABLE = YES;
				IPHONEOS_DEPLOYMENT_TARGET = 12.2;
				MTL_ENABLE_DEBUG_INFO = INCLUDE_SOURCE;
				MTL_FAST_MATH = YES;
				ONLY_ACTIVE_ARCH = YES;
				SDKROOT = iphoneos;
				SWIFT_ACTIVE_COMPILATION_CONDITIONS = DEBUG;
				SWIFT_OPTIMIZATION_LEVEL = "-Onone";
			};
			name = Debug;
		};
		9230B2DD22B4BC1E00BDC7EC /* Release */ = {
			isa = XCBuildConfiguration;
			buildSettings = {
				ALWAYS_SEARCH_USER_PATHS = NO;
				CLANG_ANALYZER_NONNULL = YES;
				CLANG_ANALYZER_NUMBER_OBJECT_CONVERSION = YES_AGGRESSIVE;
				CLANG_CXX_LANGUAGE_STANDARD = "gnu++14";
				CLANG_CXX_LIBRARY = "libc++";
				CLANG_ENABLE_MODULES = YES;
				CLANG_ENABLE_OBJC_ARC = YES;
				CLANG_ENABLE_OBJC_WEAK = YES;
				CLANG_WARN_BLOCK_CAPTURE_AUTORELEASING = YES;
				CLANG_WARN_BOOL_CONVERSION = YES;
				CLANG_WARN_COMMA = YES;
				CLANG_WARN_CONSTANT_CONVERSION = YES;
				CLANG_WARN_DEPRECATED_OBJC_IMPLEMENTATIONS = YES;
				CLANG_WARN_DIRECT_OBJC_ISA_USAGE = YES_ERROR;
				CLANG_WARN_DOCUMENTATION_COMMENTS = YES;
				CLANG_WARN_EMPTY_BODY = YES;
				CLANG_WARN_ENUM_CONVERSION = YES;
				CLANG_WARN_INFINITE_RECURSION = YES;
				CLANG_WARN_INT_CONVERSION = YES;
				CLANG_WARN_NON_LITERAL_NULL_CONVERSION = YES;
				CLANG_WARN_OBJC_IMPLICIT_RETAIN_SELF = YES;
				CLANG_WARN_OBJC_LITERAL_CONVERSION = YES;
				CLANG_WARN_OBJC_ROOT_CLASS = YES_ERROR;
				CLANG_WARN_RANGE_LOOP_ANALYSIS = YES;
				CLANG_WARN_STRICT_PROTOTYPES = YES;
				CLANG_WARN_SUSPICIOUS_MOVE = YES;
				CLANG_WARN_UNGUARDED_AVAILABILITY = YES_AGGRESSIVE;
				CLANG_WARN_UNREACHABLE_CODE = YES;
				CLANG_WARN__DUPLICATE_METHOD_MATCH = YES;
				CODE_SIGN_IDENTITY = "iPhone Developer";
				COPY_PHASE_STRIP = NO;
				DEBUG_INFORMATION_FORMAT = "dwarf-with-dsym";
				ENABLE_NS_ASSERTIONS = NO;
				ENABLE_STRICT_OBJC_MSGSEND = YES;
				GCC_C_LANGUAGE_STANDARD = gnu11;
				GCC_NO_COMMON_BLOCKS = YES;
				GCC_WARN_64_TO_32_BIT_CONVERSION = YES;
				GCC_WARN_ABOUT_RETURN_TYPE = YES_ERROR;
				GCC_WARN_UNDECLARED_SELECTOR = YES;
				GCC_WARN_UNINITIALIZED_AUTOS = YES_AGGRESSIVE;
				GCC_WARN_UNUSED_FUNCTION = YES;
				GCC_WARN_UNUSED_VARIABLE = YES;
				IPHONEOS_DEPLOYMENT_TARGET = 12.2;
				MTL_ENABLE_DEBUG_INFO = NO;
				MTL_FAST_MATH = YES;
				SDKROOT = iphoneos;
				SWIFT_COMPILATION_MODE = wholemodule;
				SWIFT_OPTIMIZATION_LEVEL = "-O";
				VALIDATE_PRODUCT = YES;
			};
			name = Release;
		};
		9230B2DF22B4BC1E00BDC7EC /* Debug */ = {
			isa = XCBuildConfiguration;
			buildSettings = {
				ASSETCATALOG_COMPILER_APPICON_NAME = AppIcon;
				CODE_SIGN_STYLE = Automatic;
				INFOPLIST_FILE = BabylonTest/Info.plist;
				LD_RUNPATH_SEARCH_PATHS = (
					"$(inherited)",
					"@executable_path/Frameworks",
				);
				PRODUCT_BUNDLE_IDENTIFIER = mx.com.terco.BabylonTest;
				PRODUCT_NAME = "$(TARGET_NAME)";
				SWIFT_VERSION = 5.0;
				TARGETED_DEVICE_FAMILY = "1,2";
			};
			name = Debug;
		};
		9230B2E022B4BC1E00BDC7EC /* Release */ = {
			isa = XCBuildConfiguration;
			buildSettings = {
				ASSETCATALOG_COMPILER_APPICON_NAME = AppIcon;
				CODE_SIGN_STYLE = Automatic;
				INFOPLIST_FILE = BabylonTest/Info.plist;
				LD_RUNPATH_SEARCH_PATHS = (
					"$(inherited)",
					"@executable_path/Frameworks",
				);
				PRODUCT_BUNDLE_IDENTIFIER = mx.com.terco.BabylonTest;
				PRODUCT_NAME = "$(TARGET_NAME)";
				SWIFT_VERSION = 5.0;
				TARGETED_DEVICE_FAMILY = "1,2";
			};
			name = Release;
		};
		9230B2E222B4BC1E00BDC7EC /* Debug */ = {
			isa = XCBuildConfiguration;
			buildSettings = {
				ALWAYS_EMBED_SWIFT_STANDARD_LIBRARIES = YES;
				BUNDLE_LOADER = "$(TEST_HOST)";
				CODE_SIGN_STYLE = Automatic;
				INFOPLIST_FILE = BabylonTestTests/Info.plist;
				LD_RUNPATH_SEARCH_PATHS = (
					"$(inherited)",
					"@executable_path/Frameworks",
					"@loader_path/Frameworks",
				);
				PRODUCT_BUNDLE_IDENTIFIER = mx.com.terco.BabylonTestTests;
				PRODUCT_NAME = "$(TARGET_NAME)";
				SWIFT_VERSION = 5.0;
				TARGETED_DEVICE_FAMILY = "1,2";
				TEST_HOST = "$(BUILT_PRODUCTS_DIR)/BabylonTest.app/BabylonTest";
			};
			name = Debug;
		};
		9230B2E322B4BC1E00BDC7EC /* Release */ = {
			isa = XCBuildConfiguration;
			buildSettings = {
				ALWAYS_EMBED_SWIFT_STANDARD_LIBRARIES = YES;
				BUNDLE_LOADER = "$(TEST_HOST)";
				CODE_SIGN_STYLE = Automatic;
				INFOPLIST_FILE = BabylonTestTests/Info.plist;
				LD_RUNPATH_SEARCH_PATHS = (
					"$(inherited)",
					"@executable_path/Frameworks",
					"@loader_path/Frameworks",
				);
				PRODUCT_BUNDLE_IDENTIFIER = mx.com.terco.BabylonTestTests;
				PRODUCT_NAME = "$(TARGET_NAME)";
				SWIFT_VERSION = 5.0;
				TARGETED_DEVICE_FAMILY = "1,2";
				TEST_HOST = "$(BUILT_PRODUCTS_DIR)/BabylonTest.app/BabylonTest";
			};
			name = Release;
		};
/* End XCBuildConfiguration section */

/* Begin XCConfigurationList section */
		9230B2B922B4BC1D00BDC7EC /* Build configuration list for PBXProject "BabylonTest" */ = {
			isa = XCConfigurationList;
			buildConfigurations = (
				9230B2DC22B4BC1E00BDC7EC /* Debug */,
				9230B2DD22B4BC1E00BDC7EC /* Release */,
			);
			defaultConfigurationIsVisible = 0;
			defaultConfigurationName = Release;
		};
		9230B2DE22B4BC1E00BDC7EC /* Build configuration list for PBXNativeTarget "BabylonTest" */ = {
			isa = XCConfigurationList;
			buildConfigurations = (
				9230B2DF22B4BC1E00BDC7EC /* Debug */,
				9230B2E022B4BC1E00BDC7EC /* Release */,
			);
			defaultConfigurationIsVisible = 0;
			defaultConfigurationName = Release;
		};
		9230B2E122B4BC1E00BDC7EC /* Build configuration list for PBXNativeTarget "BabylonTestTests" */ = {
			isa = XCConfigurationList;
			buildConfigurations = (
				9230B2E222B4BC1E00BDC7EC /* Debug */,
				9230B2E322B4BC1E00BDC7EC /* Release */,
			);
			defaultConfigurationIsVisible = 0;
			defaultConfigurationName = Release;
		};
/* End XCConfigurationList section */

/* Begin XCVersionGroup section */
		9230B2C822B4BC1D00BDC7EC /* BabylonTest.xcdatamodeld */ = {
			isa = XCVersionGroup;
			children = (
				9230B2C922B4BC1D00BDC7EC /* BabylonTest.xcdatamodel */,
			);
			currentVersion = 9230B2C922B4BC1D00BDC7EC /* BabylonTest.xcdatamodel */;
			path = BabylonTest.xcdatamodeld;
			sourceTree = "<group>";
			versionGroupType = wrapper.xcdatamodel;
		};
/* End XCVersionGroup section */
	};
	rootObject = 9230B2B622B4BC1D00BDC7EC /* Project object */;
}
